{
  "nodes": {
    "nixpkgs": {
      "inputs": {
        "nixpkgs": "nixpkgs_2"
      },
      "locked": {
        "lastModified": 1762728925,
        "narHash": "sha256-RG5Ke/1rDrlfGlyNjkJJQ3CRkgoAb44IkEAXLenY+pA=",
        "owner": "nix-ocaml",
        "repo": "nix-overlays",
        "rev": "ee03a8176a97fdbfbd4723f299ab736f2663facb",
        "type": "github"
      },
      "original": {
        "owner": "nix-ocaml",
        "repo": "nix-overlays",
        "type": "github"
      }
    },
    "nixpkgs_2": {
      "locked": {
        "lastModified": 1762721782,
        "narHash": "sha256-ftv0n3xkKawHQgxZ6FGr2F1GdaYT/79aESm4t1LQ6X4=",
        "owner": "NixOS",
        "repo": "nixpkgs",
        "rev": "e5d07586ec39f74b390308f2e00040c23bdef530",
        "type": "github"
      },
      "original": {
        "owner": "NixOS",
        "repo": "nixpkgs",
        "rev": "e5d07586ec39f74b390308f2e00040c23bdef530",
        "type": "github"
      }
    },
    "root": {
      "inputs": {
        "nixpkgs": "nixpkgs"
      }
    }
  },
  "root": "root",
  "version": 7
}
